
Microsoft Visual Studio Solution File, Format Version 12.00
# Visual Studio 2013
VisualStudioVersion = 12.0.30723.0
MinimumVisualStudioVersion = 10.0.40219.1
Project("{FAE04EC0-301F-11D3-BF4B-00C04F79EFBC}") = "05", "05\05.csproj", "{C2C6EDB4-A24C-4F0A-BD16-94DC9DC9D728}"
EndProject
Project("{FAE04EC0-301F-11D3-BF4B-00C04F79EFBC}") = "05-start-proj", "05-start-proj\05-start-proj.csproj", "{D1CD7A39-8D2C-43D9-98C0-5B892F4ED790}"
EndProject
Global
	GlobalSection(SolutionConfigurationPlatforms) = preSolution
		Debug|Any CPU = Debug|Any CPU
		Release|Any CPU = Release|Any CPU
	EndGlobalSection
	GlobalSection(ProjectConfigurationPlatforms) = postSolution
		{C2C6EDB4-A24C-4F0A-BD16-94DC9DC9D728}.Debug|Any CPU.ActiveCfg = Debug|Any CPU
		{C2C6EDB4-A24C-4F0A-BD16-94DC9DC9D728}.Debug|Any CPU.Build.0 = Debug|Any CPU
		{C2C6EDB4-A24C-4F0A-BD16-94DC9DC9D728}.Release|Any CPU.ActiveCfg = Release|Any CPU
		{C2C6EDB4-A24C-4F0A-BD16-94DC9DC9D728}.Release|Any CPU.Build.0 = Release|Any CPU
		{D1CD7A39-8D2C-43D9-98C0-5B892F4ED790}.Debug|Any CPU.ActiveCfg = Debug|Any CPU
		{D1CD7A39-8D2C-43D9-98C0-5B892F4ED790}.Debug|Any CPU.Build.0 = Debug|Any CPU
		{D1CD7A39-8D2C-43D9-98C0-5B892F4ED790}.Release|Any CPU.ActiveCfg = Release|Any CPU
		{D1CD7A39-8D2C-43D9-98C0-5B892F4ED790}.Release|Any CPU.Build.0 = Release|Any CPU
	EndGlobalSection
	GlobalSection(SolutionProperties) = preSolution
		HideSolutionNode = FALSE
	EndGlobalSection
EndGlobal
